
Microsoft Visual Studio Solution File, Format Version 12.00
# Visual Studio 14
VisualStudioVersion = 14.0.25420.1
MinimumVisualStudioVersion = 10.0.40219.1
Project("{8BC9CEB8-8B4A-11D0-8D11-00A0C91BC942}") = "MagicCube", "MagicCube\MagicCube.vcxproj", "{63FB6BCC-39D3-44C1-8002-46C050632016}"
EndProject
Project("{8BC9CEB8-8B4A-11D0-8D11-00A0C91BC942}") = "RenderEngine", "RenderEngine\RenderEngine.vcxproj", "{819DD47D-474A-4EFC-8B48-82928C505CF4}"
EndProject
Project("{8BC9CEB8-8B4A-11D0-8D11-00A0C91BC942}") = "RenderEngineTest", "RenderEngineTest\RenderEngineTest.vcxproj", "{45285F0E-9EAB-42BF-91DF-1045A70F695E}"
EndProject
Project("{8BC9CEB8-8B4A-11D0-8D11-00A0C91BC942}") = "WorldManager", "WorldManager\WorldManager.vcxproj", "{6924B481-951A-43A9-9E05-594B74811EDC}"
EndProject
Project("{8BC9CEB8-8B4A-11D0-8D11-00A0C91BC942}") = "WorldManagerTest", "WorldManagerTest\WorldManagerTest.vcxproj", "{81906BA2-4138-4E2F-B614-C2DC6BDC8DB9}"
EndProject
Project("{2150E333-8FDC-42A3-9474-1A3956D46DE8}") = "test", "test", "{11A5714A-5B85-4C34-858C-E0BB15BCE3F9}"
EndProject
Global
	GlobalSection(SolutionConfigurationPlatforms) = preSolution
		Debug|x64 = Debug|x64
		Debug|x86 = Debug|x86
		Release|x64 = Release|x64
		Release|x86 = Release|x86
	EndGlobalSection
	GlobalSection(ProjectConfigurationPlatforms) = postSolution
		{63FB6BCC-39D3-44C1-8002-46C050632016}.Debug|x64.ActiveCfg = Debug|x64
		{63FB6BCC-39D3-44C1-8002-46C050632016}.Debug|x64.Build.0 = Debug|x64
		{63FB6BCC-39D3-44C1-8002-46C050632016}.Debug|x86.ActiveCfg = Debug|Win32
		{63FB6BCC-39D3-44C1-8002-46C050632016}.Debug|x86.Build.0 = Debug|Win32
		{63FB6BCC-39D3-44C1-8002-46C050632016}.Release|x64.ActiveCfg = Release|x64
		{63FB6BCC-39D3-44C1-8002-46C050632016}.Release|x64.Build.0 = Release|x64
		{63FB6BCC-39D3-44C1-8002-46C050632016}.Release|x86.ActiveCfg = Release|Win32
		{63FB6BCC-39D3-44C1-8002-46C050632016}.Release|x86.Build.0 = Release|Win32
		{819DD47D-474A-4EFC-8B48-82928C505CF4}.Debug|x64.ActiveCfg = Debug|x64
		{819DD47D-474A-4EFC-8B48-82928C505CF4}.Debug|x64.Build.0 = Debug|x64
		{819DD47D-474A-4EFC-8B48-82928C505CF4}.Debug|x86.ActiveCfg = Debug|Win32
		{819DD47D-474A-4EFC-8B48-82928C505CF4}.Debug|x86.Build.0 = Debug|Win32
		{819DD47D-474A-4EFC-8B48-82928C505CF4}.Release|x64.ActiveCfg = Release|x64
		{819DD47D-474A-4EFC-8B48-82928C505CF4}.Release|x64.Build.0 = Release|x64
		{819DD47D-474A-4EFC-8B48-82928C505CF4}.Release|x86.ActiveCfg = Release|Win32
		{819DD47D-474A-4EFC-8B48-82928C505CF4}.Release|x86.Build.0 = Release|Win32
		{45285F0E-9EAB-42BF-91DF-1045A70F695E}.Debug|x64.ActiveCfg = Debug|x64
		{45285F0E-9EAB-42BF-91DF-1045A70F695E}.Debug|x64.Build.0 = Debug|x64
		{45285F0E-9EAB-42BF-91DF-1045A70F695E}.Debug|x86.ActiveCfg = Debug|Win32
		{45285F0E-9EAB-42BF-91DF-1045A70F695E}.Debug|x86.Build.0 = Debug|Win32
		{45285F0E-9EAB-42BF-91DF-1045A70F695E}.Release|x64.ActiveCfg = Release|x64
		{45285F0E-9EAB-42BF-91DF-1045A70F695E}.Release|x64.Build.0 = Release|x64
		{45285F0E-9EAB-42BF-91DF-1045A70F695E}.Release|x86.ActiveCfg = Release|Win32
		{45285F0E-9EAB-42BF-91DF-1045A70F695E}.Release|x86.Build.0 = Release|Win32
		{6924B481-951A-43A9-9E05-594B74811EDC}.Debug|x64.ActiveCfg = Debug|x64
		{6924B481-951A-43A9-9E05-594B74811EDC}.Debug|x64.Build.0 = Debug|x64
		{6924B481-951A-43A9-9E05-594B74811EDC}.Debug|x86.ActiveCfg = Debug|Win32
		{6924B481-951A-43A9-9E05-594B74811EDC}.Debug|x86.Build.0 = Debug|Win32
		{6924B481-951A-43A9-9E05-594B74811EDC}.Release|x64.ActiveCfg = Release|x64
		{6924B481-951A-43A9-9E05-594B74811EDC}.Release|x64.Build.0 = Release|x64
		{6924B481-951A-43A9-9E05-594B74811EDC}.Release|x86.ActiveCfg = Release|Win32
		{6924B481-951A-43A9-9E05-594B74811EDC}.Release|x86.Build.0 = Release|Win32
		{81906BA2-4138-4E2F-B614-C2DC6BDC8DB9}.Debug|x64.ActiveCfg = Debug|x64
		{81906BA2-4138-4E2F-B614-C2DC6BDC8DB9}.Debug|x64.Build.0 = Debug|x64
		{81906BA2-4138-4E2F-B614-C2DC6BDC8DB9}.Debug|x86.ActiveCfg = Debug|Win32
		{81906BA2-4138-4E2F-B614-C2DC6BDC8DB9}.Debug|x86.Build.0 = Debug|Win32
		{81906BA2-4138-4E2F-B614-C2DC6BDC8DB9}.Release|x64.ActiveCfg = Release|x64
		{81906BA2-4138-4E2F-B614-C2DC6BDC8DB9}.Release|x64.Build.0 = Release|x64
		{81906BA2-4138-4E2F-B614-C2DC6BDC8DB9}.Release|x86.ActiveCfg = Release|Win32
		{81906BA2-4138-4E2F-B614-C2DC6BDC8DB9}.Release|x86.Build.0 = Release|Win32
	EndGlobalSection
	GlobalSection(SolutionProperties) = preSolution
		HideSolutionNode = FALSE
	EndGlobalSection
	GlobalSection(NestedProjects) = preSolution
		{45285F0E-9EAB-42BF-91DF-1045A70F695E} = {11A5714A-5B85-4C34-858C-E0BB15BCE3F9}
		{81906BA2-4138-4E2F-B614-C2DC6BDC8DB9} = {11A5714A-5B85-4C34-858C-E0BB15BCE3F9}
	EndGlobalSection
EndGlobal
