<?xml version="1.0" encoding="utf-8"?>
<Project ToolsVersion="4.0" xmlns="http://schemas.microsoft.com/developer/msbuild/2003">
  <ItemGroup>
    <ClInclude Include="..\GSRenderEngine.h" />
    <ClInclude Include="Application.h">
      <Filter>RengerEngine</Filter>
    </ClInclude>
    <ClInclude Include="Vec.h">
      <Filter>Math</Filter>
    </ClInclude>
    <ClInclude Include="GLManager.h">
      <Filter>RengerEngine</Filter>
    </ClInclude>
    <ClInclude Include="Texture.h">
      <Filter>RengerEngine</Filter>
    </ClInclude>
    <ClInclude Include="NormalShader.h">
      <Filter>Extension\Shader</Filter>
    </ClInclude>
    <ClInclude Include="ShapeCube.h">
      <Filter>Extension\Canvas</Filter>
    </ClInclude>
    <ClInclude Include="CanvasTexture.h">
      <Filter>Extension\Canvas</Filter>
    </ClInclude>
    <ClInclude Include="Canvas.h">
      <Filter>Extension\Canvas</Filter>
    </ClInclude>
    <ClInclude Include="ExtensionManager.h">
      <Filter>Extension</Filter>
    </ClInclude>
    <ClInclude Include="NormalShaderExtension.h">
      <Filter>Extension\Shader</Filter>
    </ClInclude>
    <ClInclude Include="CanvasExtension.h">
      <Filter>Extension\Canvas</Filter>
    </ClInclude>
    <ClInclude Include="FPCExtension.h">
      <Filter>Extension\FPC</Filter>
    </ClInclude>
    <ClInclude Include="FPC.h">
      <Filter>Extension\FPC</Filter>
    </ClInclude>
    <ClInclude Include="FPCManager.h">
      <Filter>Extension\FPC</Filter>
    </ClInclude>
    <ClInclude Include="ModLoader.h">
      <Filter>Extension\ModLoader</Filter>
    </ClInclude>
    <ClInclude Include="ChunkRender.h">
      <Filter>Extension\ChunkRender</Filter>
    </ClInclude>
    <ClInclude Include="ChunkRenderExtension.h">
      <Filter>Extension\ChunkRender</Filter>
    </ClInclude>
    <ClInclude Include="ChunkRenderShader.h">
      <Filter>Extension\ChunkRender</Filter>
    </ClInclude>
    <ClInclude Include="RenderNode.h">
      <Filter>Node</Filter>
    </ClInclude>
    <ClInclude Include="RenderNodeManager.h">
      <Filter>Node</Filter>
    </ClInclude>
    <ClInclude Include="SceneNode.h">
      <Filter>Node</Filter>
    </ClInclude>
    <ClInclude Include="SceneNodeManager.h">
      <Filter>Node</Filter>
    </ClInclude>
    <ClInclude Include="RenderEngine.h" />
    <ClInclude Include="Camera.h">
      <Filter>Math</Filter>
    </ClInclude>
    <ClInclude Include="GLRenderCommands.h">
      <Filter>RengerEngine</Filter>
    </ClInclude>
    <ClInclude Include="Message.h">
      <Filter>Error</Filter>
    </ClInclude>
    <ClInclude Include="EventQueue.h">
      <Filter>EventManager</Filter>
    </ClInclude>
    <ClInclude Include="InputCallbackManager.h">
      <Filter>EventManager</Filter>
    </ClInclude>
    <ClInclude Include="InputCallback.h">
      <Filter>EventManager</Filter>
    </ClInclude>
    <ClInclude Include="..\ChunkUniversal.h">
      <Filter>Extension\ChunkRender</Filter>
    </ClInclude>
  </ItemGroup>
  <ItemGroup>
    <Filter Include="RengerEngine">
      <UniqueIdentifier>{0ceb4fb1-376c-4dda-850b-a74d81e9631a}</UniqueIdentifier>
    </Filter>
    <Filter Include="Math">
      <UniqueIdentifier>{e19499be-f131-47ac-ba96-f1a99cd88fde}</UniqueIdentifier>
    </Filter>
    <Filter Include="Extension">
      <UniqueIdentifier>{b9002205-0c51-4445-b578-ff2fd4421ce4}</UniqueIdentifier>
    </Filter>
    <Filter Include="Extension\Shader">
      <UniqueIdentifier>{f5c455a2-5ccf-458c-834d-f0814c882783}</UniqueIdentifier>
    </Filter>
    <Filter Include="Extension\Canvas">
      <UniqueIdentifier>{b108fca7-6a20-4393-a900-e4042f0999af}</UniqueIdentifier>
    </Filter>
    <Filter Include="Extension\FPC">
      <UniqueIdentifier>{60f71f5c-edb4-4a39-88bb-09a15972bf7e}</UniqueIdentifier>
    </Filter>
    <Filter Include="Extension\ModLoader">
      <UniqueIdentifier>{0bf76644-3626-499a-ad6d-ef659b62e996}</UniqueIdentifier>
    </Filter>
    <Filter Include="Extension\ChunkRender">
      <UniqueIdentifier>{6fdd1cf8-9a3c-41dd-93bc-d5b4f821cbc5}</UniqueIdentifier>
    </Filter>
    <Filter Include="Node">
      <UniqueIdentifier>{6dc52b16-6eb4-4566-b43c-00c9ec4f9e51}</UniqueIdentifier>
    </Filter>
    <Filter Include="EventManager">
      <UniqueIdentifier>{58cd11f6-04b9-4a27-80f0-102c3254f068}</UniqueIdentifier>
    </Filter>
    <Filter Include="Error">
      <UniqueIdentifier>{d5ed2345-7411-4d3a-bb33-6fc00e6a093b}</UniqueIdentifier>
    </Filter>
  </ItemGroup>
  <ItemGroup>
    <ClCompile Include="Application.cpp">
      <Filter>RengerEngine</Filter>
    </ClCompile>
    <ClCompile Include="GLManager.cpp">
      <Filter>RengerEngine</Filter>
    </ClCompile>
    <ClCompile Include="NormalShader.cpp">
      <Filter>Extension\Shader</Filter>
    </ClCompile>
    <ClCompile Include="ShapeCube.cpp">
      <Filter>Extension\Canvas</Filter>
    </ClCompile>
    <ClCompile Include="Canvas.cpp">
      <Filter>Extension\Canvas</Filter>
    </ClCompile>
    <ClCompile Include="FPC.cpp">
      <Filter>Extension\FPC</Filter>
    </ClCompile>
    <ClCompile Include="ModLoader.cpp">
      <Filter>Extension\ModLoader</Filter>
    </ClCompile>
    <ClCompile Include="ChunkRender.cpp">
      <Filter>Extension\ChunkRender</Filter>
    </ClCompile>
    <ClCompile Include="ChunkRenderShader.cpp">
      <Filter>Extension\ChunkRender</Filter>
    </ClCompile>
    <ClCompile Include="Callbacks.cpp">
      <Filter>EventManager</Filter>
    </ClCompile>
    <ClCompile Include="Error.cpp">
      <Filter>Error</Filter>
    </ClCompile>
    <ClCompile Include="Message.cpp">
      <Filter>Error</Filter>
    </ClCompile>
    <ClCompile Include="EventQueue.cpp">
      <Filter>EventManager</Filter>
    </ClCompile>
    <ClCompile Include="InputCallbackManager.cpp">
      <Filter>EventManager</Filter>
    </ClCompile>
  </ItemGroup>
  <ItemGroup>
    <None Include="structure_block.cd" />
  </ItemGroup>
</Project>