<?xml version="1.0" encoding="utf-8"?>
<Project ToolsVersion="4.0" xmlns="http://schemas.microsoft.com/developer/msbuild/2003">
  <ItemGroup>
    <ClInclude Include="RenderEngine.h">
      <Filter>RengerEngine</Filter>
    </ClInclude>
    <ClInclude Include="..\GSRenderEngine.h" />
    <ClInclude Include="Application.h">
      <Filter>RengerEngine</Filter>
    </ClInclude>
    <ClInclude Include="Vec.h">
      <Filter>Math</Filter>
    </ClInclude>
    <ClInclude Include="GLManager.h">
      <Filter>RengerEngine</Filter>
    </ClInclude>
    <ClInclude Include="Message.h">
      <Filter>Message</Filter>
    </ClInclude>
    <ClInclude Include="Canvas.h">
      <Filter>RengerEngine</Filter>
    </ClInclude>
    <ClInclude Include="SceneManager.h">
      <Filter>RengerEngine</Filter>
    </ClInclude>
    <ClInclude Include="RenderNodeManager.h">
      <Filter>RengerEngine</Filter>
    </ClInclude>
    <ClInclude Include="RenderNode.h">
      <Filter>RengerEngine</Filter>
    </ClInclude>
    <ClInclude Include="Scene.h">
      <Filter>RengerEngine</Filter>
    </ClInclude>
    <ClInclude Include="Texture.h">
      <Filter>RengerEngine</Filter>
    </ClInclude>
  </ItemGroup>
  <ItemGroup>
    <Filter Include="RengerEngine">
      <UniqueIdentifier>{0ceb4fb1-376c-4dda-850b-a74d81e9631a}</UniqueIdentifier>
    </Filter>
    <Filter Include="Math">
      <UniqueIdentifier>{e19499be-f131-47ac-ba96-f1a99cd88fde}</UniqueIdentifier>
    </Filter>
    <Filter Include="Message">
      <UniqueIdentifier>{adbfa5eb-0c3f-4e33-baa2-644c1b813243}</UniqueIdentifier>
    </Filter>
  </ItemGroup>
  <ItemGroup>
    <ClCompile Include="Application.cpp">
      <Filter>RengerEngine</Filter>
    </ClCompile>
    <ClCompile Include="GLManager.cpp">
      <Filter>RengerEngine</Filter>
    </ClCompile>
    <ClCompile Include="Message.cpp">
      <Filter>Message</Filter>
    </ClCompile>
    <ClCompile Include="Canvas.cpp">
      <Filter>RengerEngine</Filter>
    </ClCompile>
  </ItemGroup>
</Project>